
Microsoft Visual Studio Solution File, Format Version 12.00
# Visual Studio Version 17
VisualStudioVersion = 17.11.35303.130
MinimumVisualStudioVersion = 10.0.40219.1
Project("{9A19103F-16F7-4668-BE54-9A1E7A4F7556}") = "JdmMarketplace.Services.CatalogAPI", "JdmMarketplace.API\JdmMarketplace.Services.CatalogAPI.csproj", "{0040F915-1A9B-4929-AFE0-B6A3F549DC83}"
EndProject
Project("{2150E333-8FDC-42A3-9474-1A3956D46DE8}") = "Frontend", "Frontend", "{E7E735AD-282F-4122-A3B2-C42864F7E0C1}"
EndProject
Project("{2150E333-8FDC-42A3-9474-1A3956D46DE8}") = "Backend", "Backend", "{F6C27A3E-66E1-442F-ACD2-330818D8203B}"
EndProject
Project("{2150E333-8FDC-42A3-9474-1A3956D46DE8}") = "Services", "Services", "{952E6AA3-1BF2-4E26-B64E-942886E2BCD8}"
EndProject
Project("{9A19103F-16F7-4668-BE54-9A1E7A4F7556}") = "JdmMarketplace.Services.CatalogData", "JdmMarketplace.Services.CatalogData\JdmMarketplace.Services.CatalogData.csproj", "{4A5FC222-0E52-4590-9EA4-DD5D091227F0}"
EndProject
Project("{9A19103F-16F7-4668-BE54-9A1E7A4F7556}") = "JdmMarketplace.Services.CatalogApplication", "JdmMarketplace.Services.CatalogApplication\JdmMarketplace.Services.CatalogApplication.csproj", "{D2C98AF8-D327-4158-A36F-BF8DB5757487}"
EndProject
Project("{9A19103F-16F7-4668-BE54-9A1E7A4F7556}") = "JdmMarketplace.Services.CatalogDomain", "JdmMarketplace.Services.CatalogDomain\JdmMarketplace.Services.CatalogDomain.csproj", "{A1C2A9C0-19EF-46FC-A45C-1CA78293EEE3}"
EndProject
Project("{2150E333-8FDC-42A3-9474-1A3956D46DE8}") = "CatalogAPI", "CatalogAPI", "{CA764EEB-1227-4081-9EF3-2B30E60CEA8A}"
EndProject
Project("{E53339B2-1760-4266-BCC7-CA923CBCF16C}") = "docker-compose", "docker-compose.dcproj", "{FE4FC647-1B50-4705-B47F-8B64A58C2C51}"
EndProject
Global
	GlobalSection(SolutionConfigurationPlatforms) = preSolution
		Debug|Any CPU = Debug|Any CPU
		Release|Any CPU = Release|Any CPU
	EndGlobalSection
	GlobalSection(ProjectConfigurationPlatforms) = postSolution
		{0040F915-1A9B-4929-AFE0-B6A3F549DC83}.Debug|Any CPU.ActiveCfg = Debug|Any CPU
		{0040F915-1A9B-4929-AFE0-B6A3F549DC83}.Debug|Any CPU.Build.0 = Debug|Any CPU
		{0040F915-1A9B-4929-AFE0-B6A3F549DC83}.Release|Any CPU.ActiveCfg = Release|Any CPU
		{0040F915-1A9B-4929-AFE0-B6A3F549DC83}.Release|Any CPU.Build.0 = Release|Any CPU
		{4A5FC222-0E52-4590-9EA4-DD5D091227F0}.Debug|Any CPU.ActiveCfg = Debug|Any CPU
		{4A5FC222-0E52-4590-9EA4-DD5D091227F0}.Debug|Any CPU.Build.0 = Debug|Any CPU
		{4A5FC222-0E52-4590-9EA4-DD5D091227F0}.Release|Any CPU.ActiveCfg = Release|Any CPU
		{4A5FC222-0E52-4590-9EA4-DD5D091227F0}.Release|Any CPU.Build.0 = Release|Any CPU
		{D2C98AF8-D327-4158-A36F-BF8DB5757487}.Debug|Any CPU.ActiveCfg = Debug|Any CPU
		{D2C98AF8-D327-4158-A36F-BF8DB5757487}.Debug|Any CPU.Build.0 = Debug|Any CPU
		{D2C98AF8-D327-4158-A36F-BF8DB5757487}.Release|Any CPU.ActiveCfg = Release|Any CPU
		{D2C98AF8-D327-4158-A36F-BF8DB5757487}.Release|Any CPU.Build.0 = Release|Any CPU
		{A1C2A9C0-19EF-46FC-A45C-1CA78293EEE3}.Debug|Any CPU.ActiveCfg = Debug|Any CPU
		{A1C2A9C0-19EF-46FC-A45C-1CA78293EEE3}.Debug|Any CPU.Build.0 = Debug|Any CPU
		{A1C2A9C0-19EF-46FC-A45C-1CA78293EEE3}.Release|Any CPU.ActiveCfg = Release|Any CPU
		{A1C2A9C0-19EF-46FC-A45C-1CA78293EEE3}.Release|Any CPU.Build.0 = Release|Any CPU
		{FE4FC647-1B50-4705-B47F-8B64A58C2C51}.Debug|Any CPU.ActiveCfg = Debug|Any CPU
		{FE4FC647-1B50-4705-B47F-8B64A58C2C51}.Debug|Any CPU.Build.0 = Debug|Any CPU
		{FE4FC647-1B50-4705-B47F-8B64A58C2C51}.Release|Any CPU.ActiveCfg = Release|Any CPU
		{FE4FC647-1B50-4705-B47F-8B64A58C2C51}.Release|Any CPU.Build.0 = Release|Any CPU
	EndGlobalSection
	GlobalSection(SolutionProperties) = preSolution
		HideSolutionNode = FALSE
	EndGlobalSection
	GlobalSection(NestedProjects) = preSolution
		{0040F915-1A9B-4929-AFE0-B6A3F549DC83} = {CA764EEB-1227-4081-9EF3-2B30E60CEA8A}
		{952E6AA3-1BF2-4E26-B64E-942886E2BCD8} = {F6C27A3E-66E1-442F-ACD2-330818D8203B}
		{4A5FC222-0E52-4590-9EA4-DD5D091227F0} = {CA764EEB-1227-4081-9EF3-2B30E60CEA8A}
		{D2C98AF8-D327-4158-A36F-BF8DB5757487} = {CA764EEB-1227-4081-9EF3-2B30E60CEA8A}
		{A1C2A9C0-19EF-46FC-A45C-1CA78293EEE3} = {CA764EEB-1227-4081-9EF3-2B30E60CEA8A}
		{CA764EEB-1227-4081-9EF3-2B30E60CEA8A} = {952E6AA3-1BF2-4E26-B64E-942886E2BCD8}
	EndGlobalSection
	GlobalSection(ExtensibilityGlobals) = postSolution
		SolutionGuid = {291E41EC-2CE8-4242-AF46-482E21ABF8F3}
	EndGlobalSection
EndGlobal
